PODS:
  - Kingfisher (4.10.1)
  - LLCycleScrollView (1.5.4):
    - Kingfisher (<= 4.10.1)

DEPENDENCIES:
  - LLCycleScrollView

SPEC REPOS:
  https://github.com/cocoapods/specs.git:
    - Kingfisher
    - LLCycleScrollView

SPEC CHECKSUMS:
  Kingfisher: c148cd7b47ebde9989f6bc7c27dcaa79d81279a0
  LLCycleScrollView: 77f6e11980d1cd010ee9ee87e94da4e8026ccd21

PODFILE CHECKSUM: e4b1f410ccfb520f3164044667b61e5739c6bf11

COCOAPODS: 1.5.3
